
Microsoft Visual Studio Solution File, Format Version 12.00
# Visual Studio Version 16
VisualStudioVersion = 16.0.30503.244
MinimumVisualStudioVersion = 10.0.40219.1
Project("{FAE04EC0-301F-11D3-BF4B-00C04F79EFBC}") = "Contact Manager", "Contact Manager.csproj", "{688E6F55-22BF-436F-BCA6-19BE25622CE2}"
EndProject
Global
	GlobalSection(SolutionConfigurationPlatforms) = preSolution
		Debug|Any CPU = Debug|Any CPU
		Release|Any CPU = Release|Any CPU
	EndGlobalSection
	GlobalSection(ProjectConfigurationPlatforms) = postSolution
		{688E6F55-22BF-436F-BCA6-19BE25622CE2}.Debug|Any CPU.ActiveCfg = Debug|Any CPU
		{688E6F55-22BF-436F-BCA6-19BE25622CE2}.Debug|Any CPU.Build.0 = Debug|Any CPU
		{688E6F55-22BF-436F-BCA6-19BE25622CE2}.Release|Any CPU.ActiveCfg = Release|Any CPU
		{688E6F55-22BF-436F-BCA6-19BE25622CE2}.Release|Any CPU.Build.0 = Release|Any CPU
	EndGlobalSection
	GlobalSection(SolutionProperties) = preSolution
		HideSolutionNode = FALSE
	EndGlobalSection
	GlobalSection(ExtensibilityGlobals) = postSolution
		SolutionGuid = {5B4935B5-D0AE-441D-BFB2-197A2615D8A2}
	EndGlobalSection
EndGlobal
